
Microsoft Visual Studio Solution File, Format Version 12.00
# Visual Studio 2013
VisualStudioVersion = 12.0.31101.0
MinimumVisualStudioVersion = 10.0.40219.1
Project("{FAE04EC0-301F-11D3-BF4B-00C04F79EFBC}") = "SoloBot.UI.Console", "SoloBot.UI.Console\SoloBot.UI.Console.csproj", "{0EA43794-C8F8-4B56-8710-3FA0D15876EC}"
EndProject
Project("{FAE04EC0-301F-11D3-BF4B-00C04F79EFBC}") = "SoloBot.IRC.Interface", "SoloBot.IRC.Interface\SoloBot.IRC.Interface.csproj", "{BD3195BB-C986-4E39-A69D-0D61F520D480}"
EndProject
Project("{FAE04EC0-301F-11D3-BF4B-00C04F79EFBC}") = "SoloBot.IRC", "SoloBot.IRC\SoloBot.IRC.csproj", "{1ACE68DE-97B9-4F83-8088-95FCC3373504}"
EndProject
Project("{FAE04EC0-301F-11D3-BF4B-00C04F79EFBC}") = "SoloBot.Tests", "SoloBot.Tests\SoloBot.Tests.csproj", "{7F87EBAC-C701-49AA-B2A5-C0667EC43EB2}"
EndProject
Project("{2150E333-8FDC-42A3-9474-1A3956D46DE8}") = "IRC.Plugins.Commands", "IRC.Plugins.Commands", "{38BFBD3A-2BD2-420A-AC13-89A7F25F0319}"
EndProject
Project("{2150E333-8FDC-42A3-9474-1A3956D46DE8}") = "IRC.Plugins", "IRC.Plugins", "{1F846E80-B52F-4375-9C92-7145A3C60760}"
EndProject
Project("{FAE04EC0-301F-11D3-BF4B-00C04F79EFBC}") = "SoloBot.Log", "SoloBot.Log\SoloBot.Log.csproj", "{66F6493D-8CEA-43D5-81F6-25E6AA54A222}"
EndProject
Project("{2150E333-8FDC-42A3-9474-1A3956D46DE8}") = "Log.Plugins", "Log.Plugins", "{4DCE3CCF-915A-4CFC-B249-82D9EB86A9BA}"
EndProject
Project("{FAE04EC0-301F-11D3-BF4B-00C04F79EFBC}") = "SoloBot.Core", "SoloBot.Core\SoloBot.Core.csproj", "{82DE8320-AC2D-4A6F-BD0C-B6B2E5D52E32}"
EndProject
Project("{FAE04EC0-301F-11D3-BF4B-00C04F79EFBC}") = "SoloBot.Log.Interface", "SoloBot.Log.Interface\SoloBot.Log.Interface.csproj", "{22FBAF06-23E5-4E7C-A7AB-E7E89CFB3793}"
EndProject
Project("{FAE04EC0-301F-11D3-BF4B-00C04F79EFBC}") = "SoloBot.IRC.Command", "SoloBot.IRC.Command\SoloBot.IRC.Command.csproj", "{90DF7C9B-6BCA-4F22-931C-3168C47C9773}"
EndProject
Project("{FAE04EC0-301F-11D3-BF4B-00C04F79EFBC}") = "SoloBot.IRC.Command.Interface", "SoloBot.IRC.Command.Interface\SoloBot.IRC.Command.Interface.csproj", "{F5D621EE-06CF-448D-9947-0099F0BEB2DB}"
EndProject
Project("{FAE04EC0-301F-11D3-BF4B-00C04F79EFBC}") = "SoloBot.Log.Plugins.TextLogger", "SoloBot.Log.Plugins.TextLogger\SoloBot.Log.Plugins.TextLogger.csproj", "{CF1218F1-415B-4762-A0A1-0BC4EBC859C3}"
EndProject
Project("{FAE04EC0-301F-11D3-BF4B-00C04F79EFBC}") = "SoloBot.IRC.Plugins.Commands.Say", "SoloBot.IRC.Plugins.Commands.Say\SoloBot.IRC.Plugins.Commands.Say.csproj", "{04DD64D8-9467-4FEC-AFFB-46275535337E}"
EndProject
Project("{FAE04EC0-301F-11D3-BF4B-00C04F79EFBC}") = "SoloBot.Plugins.Core", "SoloBot.Plugins.Core\SoloBot.Plugins.Core.csproj", "{F473F47C-F922-42B1-87F0-854D692BDB12}"
EndProject
Project("{FAE04EC0-301F-11D3-BF4B-00C04F79EFBC}") = "SoloBot.IRC.Plugin.ClientExample", "SoloBot.IRC.Plugin.ClientExample\SoloBot.IRC.Plugin.ClientExample.csproj", "{A4EAA213-F180-49F3-8069-65D7446BEEDE}"
EndProject
Project("{FAE04EC0-301F-11D3-BF4B-00C04F79EFBC}") = "SoloBot.IRC.Plugins.Commands.LeagueInfo", "SoloBot.IRC.Plugins.Commands.LeagueInfo\SoloBot.IRC.Plugins.Commands.LeagueInfo.csproj", "{EE0607F9-F789-4465-8665-96B388B16B5A}"
EndProject
Project("{FAE04EC0-301F-11D3-BF4B-00C04F79EFBC}") = "SoloBot.IRC.Plugins.Commands.WeatherInfo", "SoloBot.IRC.Plugins.Commands.WeatherInfo\SoloBot.IRC.Plugins.Commands.WeatherInfo.csproj", "{33E17197-8646-4C84-87CE-2FD4D20A932E}"
EndProject
Global
	GlobalSection(SolutionConfigurationPlatforms) = preSolution
		Debug|Any CPU = Debug|Any CPU
		Release|Any CPU = Release|Any CPU
	EndGlobalSection
	GlobalSection(ProjectConfigurationPlatforms) = postSolution
		{0EA43794-C8F8-4B56-8710-3FA0D15876EC}.Debug|Any CPU.ActiveCfg = Debug|Any CPU
		{0EA43794-C8F8-4B56-8710-3FA0D15876EC}.Debug|Any CPU.Build.0 = Debug|Any CPU
		{0EA43794-C8F8-4B56-8710-3FA0D15876EC}.Release|Any CPU.ActiveCfg = Release|Any CPU
		{0EA43794-C8F8-4B56-8710-3FA0D15876EC}.Release|Any CPU.Build.0 = Release|Any CPU
		{BD3195BB-C986-4E39-A69D-0D61F520D480}.Debug|Any CPU.ActiveCfg = Debug|Any CPU
		{BD3195BB-C986-4E39-A69D-0D61F520D480}.Debug|Any CPU.Build.0 = Debug|Any CPU
		{BD3195BB-C986-4E39-A69D-0D61F520D480}.Release|Any CPU.ActiveCfg = Release|Any CPU
		{BD3195BB-C986-4E39-A69D-0D61F520D480}.Release|Any CPU.Build.0 = Release|Any CPU
		{1ACE68DE-97B9-4F83-8088-95FCC3373504}.Debug|Any CPU.ActiveCfg = Debug|Any CPU
		{1ACE68DE-97B9-4F83-8088-95FCC3373504}.Debug|Any CPU.Build.0 = Debug|Any CPU
		{1ACE68DE-97B9-4F83-8088-95FCC3373504}.Release|Any CPU.ActiveCfg = Release|Any CPU
		{1ACE68DE-97B9-4F83-8088-95FCC3373504}.Release|Any CPU.Build.0 = Release|Any CPU
		{7F87EBAC-C701-49AA-B2A5-C0667EC43EB2}.Debug|Any CPU.ActiveCfg = Debug|Any CPU
		{7F87EBAC-C701-49AA-B2A5-C0667EC43EB2}.Debug|Any CPU.Build.0 = Debug|Any CPU
		{7F87EBAC-C701-49AA-B2A5-C0667EC43EB2}.Release|Any CPU.ActiveCfg = Release|Any CPU
		{7F87EBAC-C701-49AA-B2A5-C0667EC43EB2}.Release|Any CPU.Build.0 = Release|Any CPU
		{66F6493D-8CEA-43D5-81F6-25E6AA54A222}.Debug|Any CPU.ActiveCfg = Debug|Any CPU
		{66F6493D-8CEA-43D5-81F6-25E6AA54A222}.Debug|Any CPU.Build.0 = Debug|Any CPU
		{66F6493D-8CEA-43D5-81F6-25E6AA54A222}.Release|Any CPU.ActiveCfg = Release|Any CPU
		{66F6493D-8CEA-43D5-81F6-25E6AA54A222}.Release|Any CPU.Build.0 = Release|Any CPU
		{82DE8320-AC2D-4A6F-BD0C-B6B2E5D52E32}.Debug|Any CPU.ActiveCfg = Debug|Any CPU
		{82DE8320-AC2D-4A6F-BD0C-B6B2E5D52E32}.Debug|Any CPU.Build.0 = Debug|Any CPU
		{82DE8320-AC2D-4A6F-BD0C-B6B2E5D52E32}.Release|Any CPU.ActiveCfg = Release|Any CPU
		{82DE8320-AC2D-4A6F-BD0C-B6B2E5D52E32}.Release|Any CPU.Build.0 = Release|Any CPU
		{22FBAF06-23E5-4E7C-A7AB-E7E89CFB3793}.Debug|Any CPU.ActiveCfg = Debug|Any CPU
		{22FBAF06-23E5-4E7C-A7AB-E7E89CFB3793}.Debug|Any CPU.Build.0 = Debug|Any CPU
		{22FBAF06-23E5-4E7C-A7AB-E7E89CFB3793}.Release|Any CPU.ActiveCfg = Release|Any CPU
		{22FBAF06-23E5-4E7C-A7AB-E7E89CFB3793}.Release|Any CPU.Build.0 = Release|Any CPU
		{90DF7C9B-6BCA-4F22-931C-3168C47C9773}.Debug|Any CPU.ActiveCfg = Debug|Any CPU
		{90DF7C9B-6BCA-4F22-931C-3168C47C9773}.Debug|Any CPU.Build.0 = Debug|Any CPU
		{90DF7C9B-6BCA-4F22-931C-3168C47C9773}.Release|Any CPU.ActiveCfg = Release|Any CPU
		{90DF7C9B-6BCA-4F22-931C-3168C47C9773}.Release|Any CPU.Build.0 = Release|Any CPU
		{F5D621EE-06CF-448D-9947-0099F0BEB2DB}.Debug|Any CPU.ActiveCfg = Debug|Any CPU
		{F5D621EE-06CF-448D-9947-0099F0BEB2DB}.Debug|Any CPU.Build.0 = Debug|Any CPU
		{F5D621EE-06CF-448D-9947-0099F0BEB2DB}.Release|Any CPU.ActiveCfg = Release|Any CPU
		{F5D621EE-06CF-448D-9947-0099F0BEB2DB}.Release|Any CPU.Build.0 = Release|Any CPU
		{CF1218F1-415B-4762-A0A1-0BC4EBC859C3}.Debug|Any CPU.ActiveCfg = Debug|Any CPU
		{CF1218F1-415B-4762-A0A1-0BC4EBC859C3}.Debug|Any CPU.Build.0 = Debug|Any CPU
		{CF1218F1-415B-4762-A0A1-0BC4EBC859C3}.Release|Any CPU.ActiveCfg = Release|Any CPU
		{CF1218F1-415B-4762-A0A1-0BC4EBC859C3}.Release|Any CPU.Build.0 = Release|Any CPU
		{04DD64D8-9467-4FEC-AFFB-46275535337E}.Debug|Any CPU.ActiveCfg = Debug|Any CPU
		{04DD64D8-9467-4FEC-AFFB-46275535337E}.Debug|Any CPU.Build.0 = Debug|Any CPU
		{04DD64D8-9467-4FEC-AFFB-46275535337E}.Release|Any CPU.ActiveCfg = Release|Any CPU
		{04DD64D8-9467-4FEC-AFFB-46275535337E}.Release|Any CPU.Build.0 = Release|Any CPU
		{F473F47C-F922-42B1-87F0-854D692BDB12}.Debug|Any CPU.ActiveCfg = Debug|Any CPU
		{F473F47C-F922-42B1-87F0-854D692BDB12}.Debug|Any CPU.Build.0 = Debug|Any CPU
		{F473F47C-F922-42B1-87F0-854D692BDB12}.Release|Any CPU.ActiveCfg = Release|Any CPU
		{F473F47C-F922-42B1-87F0-854D692BDB12}.Release|Any CPU.Build.0 = Release|Any CPU
		{A4EAA213-F180-49F3-8069-65D7446BEEDE}.Debug|Any CPU.ActiveCfg = Debug|Any CPU
		{A4EAA213-F180-49F3-8069-65D7446BEEDE}.Debug|Any CPU.Build.0 = Debug|Any CPU
		{A4EAA213-F180-49F3-8069-65D7446BEEDE}.Release|Any CPU.ActiveCfg = Release|Any CPU
		{A4EAA213-F180-49F3-8069-65D7446BEEDE}.Release|Any CPU.Build.0 = Release|Any CPU
		{EE0607F9-F789-4465-8665-96B388B16B5A}.Debug|Any CPU.ActiveCfg = Debug|Any CPU
		{EE0607F9-F789-4465-8665-96B388B16B5A}.Debug|Any CPU.Build.0 = Debug|Any CPU
		{EE0607F9-F789-4465-8665-96B388B16B5A}.Release|Any CPU.ActiveCfg = Release|Any CPU
		{EE0607F9-F789-4465-8665-96B388B16B5A}.Release|Any CPU.Build.0 = Release|Any CPU
		{33E17197-8646-4C84-87CE-2FD4D20A932E}.Debug|Any CPU.ActiveCfg = Debug|Any CPU
		{33E17197-8646-4C84-87CE-2FD4D20A932E}.Debug|Any CPU.Build.0 = Debug|Any CPU
		{33E17197-8646-4C84-87CE-2FD4D20A932E}.Release|Any CPU.ActiveCfg = Release|Any CPU
		{33E17197-8646-4C84-87CE-2FD4D20A932E}.Release|Any CPU.Build.0 = Release|Any CPU
	EndGlobalSection
	GlobalSection(SolutionProperties) = preSolution
		HideSolutionNode = FALSE
	EndGlobalSection
	GlobalSection(NestedProjects) = preSolution
		{CF1218F1-415B-4762-A0A1-0BC4EBC859C3} = {4DCE3CCF-915A-4CFC-B249-82D9EB86A9BA}
		{04DD64D8-9467-4FEC-AFFB-46275535337E} = {38BFBD3A-2BD2-420A-AC13-89A7F25F0319}
		{A4EAA213-F180-49F3-8069-65D7446BEEDE} = {1F846E80-B52F-4375-9C92-7145A3C60760}
		{EE0607F9-F789-4465-8665-96B388B16B5A} = {38BFBD3A-2BD2-420A-AC13-89A7F25F0319}
		{33E17197-8646-4C84-87CE-2FD4D20A932E} = {38BFBD3A-2BD2-420A-AC13-89A7F25F0319}
	EndGlobalSection
EndGlobal
